
Microsoft Visual Studio Solution File, Format Version 12.00
# Visual Studio Version 16
VisualStudioVersion = 16.0.32002.261
MinimumVisualStudioVersion = 10.0.40219.1
Project("{9A19103F-16F7-4668-BE54-9A1E7A4F7556}") = "LeetCode.net5", "LeetCode\LeetCode.net5.csproj", "{47D90D84-E126-43A8-9FA5-5DEB5D067A9C}"
EndProject
Project("{9A19103F-16F7-4668-BE54-9A1E7A4F7556}") = "LeecCode.net5.Test", "LeecCode.Test\LeecCode.net5.Test.csproj", "{BF8BF26A-F4B6-412E-8F93-E6B1F9553034}"
EndProject
Global
	GlobalSection(SolutionConfigurationPlatforms) = preSolution
		Debug|Any CPU = Debug|Any CPU
		Release|Any CPU = Release|Any CPU
	EndGlobalSection
	GlobalSection(ProjectConfigurationPlatforms) = postSolution
		{47D90D84-E126-43A8-9FA5-5DEB5D067A9C}.Debug|Any CPU.ActiveCfg = Debug|Any CPU
		{47D90D84-E126-43A8-9FA5-5DEB5D067A9C}.Debug|Any CPU.Build.0 = Debug|Any CPU
		{47D90D84-E126-43A8-9FA5-5DEB5D067A9C}.Release|Any CPU.ActiveCfg = Release|Any CPU
		{47D90D84-E126-43A8-9FA5-5DEB5D067A9C}.Release|Any CPU.Build.0 = Release|Any CPU
		{BF8BF26A-F4B6-412E-8F93-E6B1F9553034}.Debug|Any CPU.ActiveCfg = Debug|Any CPU
		{BF8BF26A-F4B6-412E-8F93-E6B1F9553034}.Debug|Any CPU.Build.0 = Debug|Any CPU
		{BF8BF26A-F4B6-412E-8F93-E6B1F9553034}.Release|Any CPU.ActiveCfg = Release|Any CPU
		{BF8BF26A-F4B6-412E-8F93-E6B1F9553034}.Release|Any CPU.Build.0 = Release|Any CPU
	EndGlobalSection
	GlobalSection(SolutionProperties) = preSolution
		HideSolutionNode = FALSE
	EndGlobalSection
	GlobalSection(ExtensibilityGlobals) = postSolution
		SolutionGuid = {6977A80C-26F2-4E6C-81A9-0D835493DDA4}
	EndGlobalSection
EndGlobal
